
Microsoft Visual Studio Solution File, Format Version 12.00
# Visual Studio Version 17
VisualStudioVersion = 17.7.34031.279
MinimumVisualStudioVersion = 10.0.40219.1
Project("{FAE04EC0-301F-11D3-BF4B-00C04F79EFBC}") = "Task90", "Task90.csproj", "{826BC41C-FC74-4590-8BC2-89266372DA18}"
EndProject
Global
	GlobalSection(SolutionConfigurationPlatforms) = preSolution
		Debug|Any CPU = Debug|Any CPU
		Release|Any CPU = Release|Any CPU
	EndGlobalSection
	GlobalSection(ProjectConfigurationPlatforms) = postSolution
		{826BC41C-FC74-4590-8BC2-89266372DA18}.Debug|Any CPU.ActiveCfg = Debug|Any CPU
		{826BC41C-FC74-4590-8BC2-89266372DA18}.Debug|Any CPU.Build.0 = Debug|Any CPU
		{826BC41C-FC74-4590-8BC2-89266372DA18}.Release|Any CPU.ActiveCfg = Release|Any CPU
		{826BC41C-FC74-4590-8BC2-89266372DA18}.Release|Any CPU.Build.0 = Release|Any CPU
	EndGlobalSection
	GlobalSection(SolutionProperties) = preSolution
		HideSolutionNode = FALSE
	EndGlobalSection
	GlobalSection(ExtensibilityGlobals) = postSolution
		SolutionGuid = {1592232A-380D-43C1-B8E5-05631E786F14}
	EndGlobalSection
EndGlobal
